
Microsoft Visual Studio Solution File, Format Version 12.00
Project("{F2A71F9B-5D33-465A-A702-920D77279786}") = "day01", "day01\day01.fsproj", "{458BDE28-8FFC-49FA-96A3-F5D06165227D}"
EndProject
Project("{F2A71F9B-5D33-465A-A702-920D77279786}") = "day02", "day02\day02.fsproj", "{43DABA67-CFEB-4B91-A0C9-811CAE6245AF}"
EndProject
Project("{F2A71F9B-5D33-465A-A702-920D77279786}") = "day03", "day03\day03.fsproj", "{FD4F5FFC-FF7E-411D-92F8-F7E18612AC4D}"
EndProject
Project("{F2A71F9B-5D33-465A-A702-920D77279786}") = "day04", "day04\day04.fsproj", "{6165A9C5-A184-4D66-831A-F75A9141AE02}"
EndProject
Project("{F2A71F9B-5D33-465A-A702-920D77279786}") = "utils", "utils\utils.fsproj", "{BDFC0827-D217-4C23-A0D6-122D2EF12109}"
EndProject
Project("{F2A71F9B-5D33-465A-A702-920D77279786}") = "day05", "day05\day05.fsproj", "{54EF0E3D-C7B1-488D-BFD6-0D86165AFF29}"
EndProject
Project("{F2A71F9B-5D33-465A-A702-920D77279786}") = "day06", "day06\day06.fsproj", "{472DF047-EC01-469A-B397-99CA8A8F5C97}"
EndProject
Project("{F2A71F9B-5D33-465A-A702-920D77279786}") = "day07", "day07\day07.fsproj", "{19103517-2E66-46BC-91BA-F1E1289DE1B7}"
EndProject
Project("{F2A71F9B-5D33-465A-A702-920D77279786}") = "day08", "day08\day08.fsproj", "{192E7BA0-DAE0-4782-B04B-EE1CD42F2541}"
EndProject
Project("{F2A71F9B-5D33-465A-A702-920D77279786}") = "day09", "day09\day09.fsproj", "{D0E7267C-9A24-48BD-947B-26FDAFC8C06A}"
EndProject
Project("{F2A71F9B-5D33-465A-A702-920D77279786}") = "day10", "day10\day10.fsproj", "{DB2E656A-5349-4E4B-8501-689E5D7CD0B7}"
EndProject
Project("{F2A71F9B-5D33-465A-A702-920D77279786}") = "day11", "day11\day11.fsproj", "{34DA8434-4C03-4214-B48D-BAC63DB2599E}"
EndProject
Global
	GlobalSection(SolutionConfigurationPlatforms) = preSolution
		Debug|Any CPU = Debug|Any CPU
		Release|Any CPU = Release|Any CPU
	EndGlobalSection
	GlobalSection(ProjectConfigurationPlatforms) = postSolution
		{458BDE28-8FFC-49FA-96A3-F5D06165227D}.Debug|Any CPU.ActiveCfg = Debug|Any CPU
		{458BDE28-8FFC-49FA-96A3-F5D06165227D}.Debug|Any CPU.Build.0 = Debug|Any CPU
		{458BDE28-8FFC-49FA-96A3-F5D06165227D}.Release|Any CPU.ActiveCfg = Release|Any CPU
		{458BDE28-8FFC-49FA-96A3-F5D06165227D}.Release|Any CPU.Build.0 = Release|Any CPU
		{43DABA67-CFEB-4B91-A0C9-811CAE6245AF}.Debug|Any CPU.ActiveCfg = Debug|Any CPU
		{43DABA67-CFEB-4B91-A0C9-811CAE6245AF}.Debug|Any CPU.Build.0 = Debug|Any CPU
		{43DABA67-CFEB-4B91-A0C9-811CAE6245AF}.Release|Any CPU.ActiveCfg = Release|Any CPU
		{43DABA67-CFEB-4B91-A0C9-811CAE6245AF}.Release|Any CPU.Build.0 = Release|Any CPU
		{FD4F5FFC-FF7E-411D-92F8-F7E18612AC4D}.Debug|Any CPU.ActiveCfg = Debug|Any CPU
		{FD4F5FFC-FF7E-411D-92F8-F7E18612AC4D}.Debug|Any CPU.Build.0 = Debug|Any CPU
		{FD4F5FFC-FF7E-411D-92F8-F7E18612AC4D}.Release|Any CPU.ActiveCfg = Release|Any CPU
		{FD4F5FFC-FF7E-411D-92F8-F7E18612AC4D}.Release|Any CPU.Build.0 = Release|Any CPU
		{6165A9C5-A184-4D66-831A-F75A9141AE02}.Debug|Any CPU.ActiveCfg = Debug|Any CPU
		{6165A9C5-A184-4D66-831A-F75A9141AE02}.Debug|Any CPU.Build.0 = Debug|Any CPU
		{6165A9C5-A184-4D66-831A-F75A9141AE02}.Release|Any CPU.ActiveCfg = Release|Any CPU
		{6165A9C5-A184-4D66-831A-F75A9141AE02}.Release|Any CPU.Build.0 = Release|Any CPU
		{BDFC0827-D217-4C23-A0D6-122D2EF12109}.Debug|Any CPU.ActiveCfg = Debug|Any CPU
		{BDFC0827-D217-4C23-A0D6-122D2EF12109}.Debug|Any CPU.Build.0 = Debug|Any CPU
		{BDFC0827-D217-4C23-A0D6-122D2EF12109}.Release|Any CPU.ActiveCfg = Release|Any CPU
		{BDFC0827-D217-4C23-A0D6-122D2EF12109}.Release|Any CPU.Build.0 = Release|Any CPU
		{54EF0E3D-C7B1-488D-BFD6-0D86165AFF29}.Debug|Any CPU.ActiveCfg = Debug|Any CPU
		{54EF0E3D-C7B1-488D-BFD6-0D86165AFF29}.Debug|Any CPU.Build.0 = Debug|Any CPU
		{54EF0E3D-C7B1-488D-BFD6-0D86165AFF29}.Release|Any CPU.ActiveCfg = Release|Any CPU
		{54EF0E3D-C7B1-488D-BFD6-0D86165AFF29}.Release|Any CPU.Build.0 = Release|Any CPU
		{472DF047-EC01-469A-B397-99CA8A8F5C97}.Debug|Any CPU.ActiveCfg = Debug|Any CPU
		{472DF047-EC01-469A-B397-99CA8A8F5C97}.Debug|Any CPU.Build.0 = Debug|Any CPU
		{472DF047-EC01-469A-B397-99CA8A8F5C97}.Release|Any CPU.ActiveCfg = Release|Any CPU
		{472DF047-EC01-469A-B397-99CA8A8F5C97}.Release|Any CPU.Build.0 = Release|Any CPU
		{19103517-2E66-46BC-91BA-F1E1289DE1B7}.Debug|Any CPU.ActiveCfg = Debug|Any CPU
		{19103517-2E66-46BC-91BA-F1E1289DE1B7}.Debug|Any CPU.Build.0 = Debug|Any CPU
		{19103517-2E66-46BC-91BA-F1E1289DE1B7}.Release|Any CPU.ActiveCfg = Release|Any CPU
		{19103517-2E66-46BC-91BA-F1E1289DE1B7}.Release|Any CPU.Build.0 = Release|Any CPU
		{192E7BA0-DAE0-4782-B04B-EE1CD42F2541}.Debug|Any CPU.ActiveCfg = Debug|Any CPU
		{192E7BA0-DAE0-4782-B04B-EE1CD42F2541}.Debug|Any CPU.Build.0 = Debug|Any CPU
		{192E7BA0-DAE0-4782-B04B-EE1CD42F2541}.Release|Any CPU.ActiveCfg = Release|Any CPU
		{192E7BA0-DAE0-4782-B04B-EE1CD42F2541}.Release|Any CPU.Build.0 = Release|Any CPU
		{D0E7267C-9A24-48BD-947B-26FDAFC8C06A}.Debug|Any CPU.ActiveCfg = Debug|Any CPU
		{D0E7267C-9A24-48BD-947B-26FDAFC8C06A}.Debug|Any CPU.Build.0 = Debug|Any CPU
		{D0E7267C-9A24-48BD-947B-26FDAFC8C06A}.Release|Any CPU.ActiveCfg = Release|Any CPU
		{D0E7267C-9A24-48BD-947B-26FDAFC8C06A}.Release|Any CPU.Build.0 = Release|Any CPU
		{DB2E656A-5349-4E4B-8501-689E5D7CD0B7}.Debug|Any CPU.ActiveCfg = Debug|Any CPU
		{DB2E656A-5349-4E4B-8501-689E5D7CD0B7}.Debug|Any CPU.Build.0 = Debug|Any CPU
		{DB2E656A-5349-4E4B-8501-689E5D7CD0B7}.Release|Any CPU.ActiveCfg = Release|Any CPU
		{DB2E656A-5349-4E4B-8501-689E5D7CD0B7}.Release|Any CPU.Build.0 = Release|Any CPU
		{34DA8434-4C03-4214-B48D-BAC63DB2599E}.Debug|Any CPU.ActiveCfg = Debug|Any CPU
		{34DA8434-4C03-4214-B48D-BAC63DB2599E}.Debug|Any CPU.Build.0 = Debug|Any CPU
		{34DA8434-4C03-4214-B48D-BAC63DB2599E}.Release|Any CPU.ActiveCfg = Release|Any CPU
		{34DA8434-4C03-4214-B48D-BAC63DB2599E}.Release|Any CPU.Build.0 = Release|Any CPU
	EndGlobalSection
EndGlobal
